<Solution>
  <Project Path="Programa 01/Programa 01.csproj" />
  <Project Path="Programa 02/Programa 02.csproj" Id="0fae3e37-cd08-4764-adef-0114a3162084" />
  <Project Path="Programa 03/Programa 03.csproj" Id="4bfd06bc-6ffe-42b6-ab21-10611fb80405" />
  <Project Path="Programa 04/Programa 04.csproj" Id="017daae4-de1a-49ae-88f0-0decfb7a3e02" />
  <Project Path="Programa 05/Programa 05.csproj" Id="be252583-62b6-4c01-86c7-114b6adb5842" />
</Solution>
